
Microsoft Visual Studio Solution File, Format Version 12.00
# Visual Studio Version 17
VisualStudioVersion = 17.6.33723.286
MinimumVisualStudioVersion = 10.0.40219.1
Project("{2150E333-8FDC-42A3-9474-1A3956D46DE8}") = "1 - DistributedServices", "1 - DistributedServices", "{BCADC79D-3CD2-4F45-952B-F8FCC8286238}"
EndProject
Project("{2150E333-8FDC-42A3-9474-1A3956D46DE8}") = "2 - Domain", "2 - Domain", "{EA162667-7AEF-4C3A-9524-1D3B2424EC5E}"
EndProject
Project("{2150E333-8FDC-42A3-9474-1A3956D46DE8}") = "3 - Infrastructure", "3 - Infrastructure", "{E60EB3B8-CEC1-498A-AFD1-392BA384AD68}"
EndProject
Project("{FAE04EC0-301F-11D3-BF4B-00C04F79EFBC}") = "TravelCostManagement.Contracts", "TravelCostManagement.Contracts\TravelCostManagement.Contracts.csproj", "{27FCA39E-91D1-4877-98F0-4B12BB72FA72}"
EndProject
Project("{FAE04EC0-301F-11D3-BF4B-00C04F79EFBC}") = "TravelCostManagement.Implementations", "TravelCostManagement.Implementations\TravelCostManagement.Implementations.csproj", "{5FA2236B-ABAE-4E59-A6D8-774E2B9B5E64}"
EndProject
Project("{FAE04EC0-301F-11D3-BF4B-00C04F79EFBC}") = "TravelCostManagement.InfrastructureData", "TravelCostManagement.InfrastructureData\TravelCostManagement.InfrastructureData.csproj", "{9E92FA4F-9889-4A24-B541-B2213420D057}"
EndProject
Project("{FAE04EC0-301F-11D3-BF4B-00C04F79EFBC}") = "TravelCostManagement.WebApi", "TravelCostManagement.WebApi\TravelCostManagement.WebApi.csproj", "{F747F5EF-679A-4B0F-B0A9-2E5342D0D03B}"
EndProject
Project("{2150E333-8FDC-42A3-9474-1A3956D46DE8}") = "Testing", "Testing", "{BF2060C4-9DA9-4FEF-B798-2FFD550636F7}"
EndProject
Project("{FAE04EC0-301F-11D3-BF4B-00C04F79EFBC}") = "TravelCostManagement.ControllerTestSuite", "TravelCostManagement.ControllerTestSuite\TravelCostManagement.ControllerTestSuite.csproj", "{B89D8D3F-A171-4E52-A731-D4D25B2D4AEF}"
EndProject
Project("{FAE04EC0-301F-11D3-BF4B-00C04F79EFBC}") = "TravelCostManagement.ServiceTestSuite", "TravelCostManagement.ServiceTestSuite\TravelCostManagement.ServiceTestSuite.csproj", "{B3CAE79E-2C63-4C70-8451-75E0675C7422}"
EndProject
Global
	GlobalSection(SolutionConfigurationPlatforms) = preSolution
		Debug|Any CPU = Debug|Any CPU
		Release|Any CPU = Release|Any CPU
	EndGlobalSection
	GlobalSection(ProjectConfigurationPlatforms) = postSolution
		{27FCA39E-91D1-4877-98F0-4B12BB72FA72}.Debug|Any CPU.ActiveCfg = Debug|Any CPU
		{27FCA39E-91D1-4877-98F0-4B12BB72FA72}.Debug|Any CPU.Build.0 = Debug|Any CPU
		{27FCA39E-91D1-4877-98F0-4B12BB72FA72}.Release|Any CPU.ActiveCfg = Release|Any CPU
		{27FCA39E-91D1-4877-98F0-4B12BB72FA72}.Release|Any CPU.Build.0 = Release|Any CPU
		{5FA2236B-ABAE-4E59-A6D8-774E2B9B5E64}.Debug|Any CPU.ActiveCfg = Debug|Any CPU
		{5FA2236B-ABAE-4E59-A6D8-774E2B9B5E64}.Debug|Any CPU.Build.0 = Debug|Any CPU
		{5FA2236B-ABAE-4E59-A6D8-774E2B9B5E64}.Release|Any CPU.ActiveCfg = Release|Any CPU
		{5FA2236B-ABAE-4E59-A6D8-774E2B9B5E64}.Release|Any CPU.Build.0 = Release|Any CPU
		{9E92FA4F-9889-4A24-B541-B2213420D057}.Debug|Any CPU.ActiveCfg = Debug|Any CPU
		{9E92FA4F-9889-4A24-B541-B2213420D057}.Debug|Any CPU.Build.0 = Debug|Any CPU
		{9E92FA4F-9889-4A24-B541-B2213420D057}.Release|Any CPU.ActiveCfg = Release|Any CPU
		{9E92FA4F-9889-4A24-B541-B2213420D057}.Release|Any CPU.Build.0 = Release|Any CPU
		{F747F5EF-679A-4B0F-B0A9-2E5342D0D03B}.Debug|Any CPU.ActiveCfg = Debug|Any CPU
		{F747F5EF-679A-4B0F-B0A9-2E5342D0D03B}.Debug|Any CPU.Build.0 = Debug|Any CPU
		{F747F5EF-679A-4B0F-B0A9-2E5342D0D03B}.Release|Any CPU.ActiveCfg = Release|Any CPU
		{F747F5EF-679A-4B0F-B0A9-2E5342D0D03B}.Release|Any CPU.Build.0 = Release|Any CPU
		{B89D8D3F-A171-4E52-A731-D4D25B2D4AEF}.Debug|Any CPU.ActiveCfg = Debug|Any CPU
		{B89D8D3F-A171-4E52-A731-D4D25B2D4AEF}.Debug|Any CPU.Build.0 = Debug|Any CPU
		{B89D8D3F-A171-4E52-A731-D4D25B2D4AEF}.Release|Any CPU.ActiveCfg = Release|Any CPU
		{B89D8D3F-A171-4E52-A731-D4D25B2D4AEF}.Release|Any CPU.Build.0 = Release|Any CPU
		{B3CAE79E-2C63-4C70-8451-75E0675C7422}.Debug|Any CPU.ActiveCfg = Debug|Any CPU
		{B3CAE79E-2C63-4C70-8451-75E0675C7422}.Debug|Any CPU.Build.0 = Debug|Any CPU
		{B3CAE79E-2C63-4C70-8451-75E0675C7422}.Release|Any CPU.ActiveCfg = Release|Any CPU
		{B3CAE79E-2C63-4C70-8451-75E0675C7422}.Release|Any CPU.Build.0 = Release|Any CPU
	EndGlobalSection
	GlobalSection(SolutionProperties) = preSolution
		HideSolutionNode = FALSE
	EndGlobalSection
	GlobalSection(NestedProjects) = preSolution
		{27FCA39E-91D1-4877-98F0-4B12BB72FA72} = {EA162667-7AEF-4C3A-9524-1D3B2424EC5E}
		{5FA2236B-ABAE-4E59-A6D8-774E2B9B5E64} = {EA162667-7AEF-4C3A-9524-1D3B2424EC5E}
		{9E92FA4F-9889-4A24-B541-B2213420D057} = {E60EB3B8-CEC1-498A-AFD1-392BA384AD68}
		{F747F5EF-679A-4B0F-B0A9-2E5342D0D03B} = {BCADC79D-3CD2-4F45-952B-F8FCC8286238}
		{B89D8D3F-A171-4E52-A731-D4D25B2D4AEF} = {BF2060C4-9DA9-4FEF-B798-2FFD550636F7}
		{B3CAE79E-2C63-4C70-8451-75E0675C7422} = {BF2060C4-9DA9-4FEF-B798-2FFD550636F7}
	EndGlobalSection
	GlobalSection(ExtensibilityGlobals) = postSolution
		SolutionGuid = {6EBB2C61-22A1-4A7E-B08F-16711CB4ED28}
	EndGlobalSection
EndGlobal
